# This file was autogenerated by Stack.
# You should not edit this file by hand.
# For more information, please see the documentation at:
#   https://docs.haskellstack.org/en/stable/lock_files

packages: []
snapshots:
- completed:
    size: 535256
    url: https://raw.githubusercontent.com/commercialhaskell/stackage-snapshots/master/lts/9/3.yaml
    sha256: 124a1da64177db7c1a46cb127f2ad8ba8e2c5dde0abeafe445fdacc61e723278
  original: lts-9.3
