# This file was autogenerated by Stack.
# You should not edit this file by hand.
# For more information, please see the documentation at:
#   https://docs.haskellstack.org/en/stable/lock_files

packages:
- completed:
    hackage: hsndfile-0.8.0@sha256:3e77b6a4997e2c92b99864b1d63ec8fa42c9e4e26988f74bdf9930eb6793a323,1757
    pantry-tree:
      sha256: cb772a261c57519cb26e039baf541db8553dac9fa35ada7457f13c82e1f9c73c
      size: 745
  original:
    hackage: hsndfile-0.8.0@sha256:3e77b6a4997e2c92b99864b1d63ec8fa42c9e4e26988f74bdf9930eb6793a323,1757
- completed:
    hackage: hsndfile-vector-0.5.2@sha256:1cbe8589864a119bf8fe3768066e266a4e5d27aae9c2c17d36311e1bdb96102c,1261
    pantry-tree:
      sha256: e925694caa4b43932117c8f8036c6179be0d5330f1b6d697133012b9322f1fd9
      size: 320
  original:
    hackage: hsndfile-vector-0.5.2@sha256:1cbe8589864a119bf8fe3768066e266a4e5d27aae9c2c17d36311e1bdb96102c,1261
snapshots:
- completed:
    sha256: 126fa33ceb11f5e85ceb4e86d434756bd9a8439e2e5776d306a15fbc63b01e89
    size: 650041
    url: https://raw.githubusercontent.com/commercialhaskell/stackage-snapshots/master/lts/20/20.yaml
  original: lts-20.20
